
Microsoft Visual Studio Solution File, Format Version 12.00
# Visual Studio Version 17
VisualStudioVersion = 17.5.33530.505
MinimumVisualStudioVersion = 10.0.40219.1
Project("{FAE04EC0-301F-11D3-BF4B-00C04F79EFBC}") = "InternTestTask", "InternTestTask\InternTestTask.csproj", "{5AF386A4-0420-459B-96C7-AD3679185245}"
EndProject
Global
	GlobalSection(SolutionConfigurationPlatforms) = preSolution
		Debug|Any CPU = Debug|Any CPU
		Release|Any CPU = Release|Any CPU
	EndGlobalSection
	GlobalSection(ProjectConfigurationPlatforms) = postSolution
		{5AF386A4-0420-459B-96C7-AD3679185245}.Debug|Any CPU.ActiveCfg = Debug|Any CPU
		{5AF386A4-0420-459B-96C7-AD3679185245}.Debug|Any CPU.Build.0 = Debug|Any CPU
		{5AF386A4-0420-459B-96C7-AD3679185245}.Release|Any CPU.ActiveCfg = Release|Any CPU
		{5AF386A4-0420-459B-96C7-AD3679185245}.Release|Any CPU.Build.0 = Release|Any CPU
	EndGlobalSection
	GlobalSection(SolutionProperties) = preSolution
		HideSolutionNode = FALSE
	EndGlobalSection
	GlobalSection(ExtensibilityGlobals) = postSolution
		SolutionGuid = {8D8D9A0B-53EC-4F58-9067-D50344A06CCD}
	EndGlobalSection
EndGlobal
